
Microsoft Visual Studio Solution File, Format Version 12.00
# Visual Studio Version 17
VisualStudioVersion = 17.0.32014.148
MinimumVisualStudioVersion = 10.0.40219.1
Project("{FAE04EC0-301F-11D3-BF4B-00C04F79EFBC}") = "upload_program", "upload_program\upload_program.csproj", "{936B50DB-CB66-4124-B1CC-8DD6EA403300}"
EndProject
Global
	GlobalSection(SolutionConfigurationPlatforms) = preSolution
		Debug|Any CPU = Debug|Any CPU
		Release|Any CPU = Release|Any CPU
	EndGlobalSection
	GlobalSection(ProjectConfigurationPlatforms) = postSolution
		{936B50DB-CB66-4124-B1CC-8DD6EA403300}.Debug|Any CPU.ActiveCfg = Debug|Any CPU
		{936B50DB-CB66-4124-B1CC-8DD6EA403300}.Debug|Any CPU.Build.0 = Debug|Any CPU
		{936B50DB-CB66-4124-B1CC-8DD6EA403300}.Release|Any CPU.ActiveCfg = Release|Any CPU
		{936B50DB-CB66-4124-B1CC-8DD6EA403300}.Release|Any CPU.Build.0 = Release|Any CPU
	EndGlobalSection
	GlobalSection(SolutionProperties) = preSolution
		HideSolutionNode = FALSE
	EndGlobalSection
	GlobalSection(ExtensibilityGlobals) = postSolution
		SolutionGuid = {67424497-1CE5-42A5-9128-471C37EE30DF}
	EndGlobalSection
EndGlobal
